lockfileVersion: 5.3

specifiers:
  '@types/decompress': ^4.2.4
  '@types/mkdirp': ^1.0.2
  '@types/tar': ^6.1.0
  axios: ^0.24.0
  decompress: ^4.2.1
  esbuild: ^0.13.12
  mkdirp: ^1.0.4

dependencies:
  axios: 0.24.0
  decompress: 4.2.1
  mkdirp: 1.0.4

devDependencies:
  '@types/decompress': 4.2.4
  '@types/mkdirp': 1.0.2
  '@types/tar': 6.1.0
  esbuild: 0.13.12

packages:

  /@types/decompress/4.2.4:
    resolution: {integrity: sha512-/C8kTMRTNiNuWGl5nEyKbPiMv6HA+0RbEXzFhFBEzASM6+oa4tJro9b8nj7eRlOFfuLdzUU+DS/GPDlvvzMOhA==}
    dependencies:
      '@types/node': 16.11.6
    dev: true

  /@types/minipass/3.1.0:
    resolution: {integrity: sha512-b2yPKwCrB8x9SB65kcCistMoe3wrYnxxt5rJSZ1kprw0uOXvhuKi9kTQ746Y+Pbqoh+9C0N4zt0ztmTnG9yg7A==}
    dependencies:
      '@types/node': 16.11.6
    dev: true

  /@types/mkdirp/1.0.2:
    resolution: {integrity: sha512-o0K1tSO0Dx5X6xlU5F1D6625FawhC3dU3iqr25lluNv/+/QIVH8RLNEiVokgIZo+mz+87w/3Mkg/VvQS+J51fQ==}
    dependencies:
      '@types/node': 16.11.6
    dev: true

  /@types/node/16.11.6:
    resolution: {integrity: sha512-ua7PgUoeQFjmWPcoo9khiPum3Pd60k4/2ZGXt18sm2Slk0W0xZTqt5Y0Ny1NyBiN1EVQ/+FaF9NcY4Qe6rwk5w==}
    dev: true

  /@types/tar/6.1.0:
    resolution: {integrity: sha512-uTZKMW7ZkdTJXX4+Bsp0ko9N7B5/NJ5wJRW14XTb6KNN+9i2NPel6iPKp8rTQahMW46BM9tM52dTeMSldB55og==}
    dependencies:
      '@types/minipass': 3.1.0
      '@types/node': 16.11.6
    dev: true

  /axios/0.24.0:
    resolution: {integrity: sha512-Q6cWsys88HoPgAaFAVUb0WpPk0O8iTeisR9IMqy9G8AbO4NlpVknrnQS03zzF9PGAWgO3cgletO3VjV/P7VztA==}
    dependencies:
      follow-redirects: 1.14.5
    transitivePeerDependencies:
      - debug
    dev: false

  /base64-js/1.5.1:
    resolution: {integrity: sha512-AKpaYlHn8t4SVbOHCy+b5+KKgvR4vrsD8vbvrbiQJps7fKDTkjkDry6ji0rUJjC0kzbNePLwzxq8iypo41qeWA==}
    dev: false

  /bl/1.2.3:
    resolution: {integrity: sha512-pvcNpa0UU69UT341rO6AYy4FVAIkUHuZXRIWbq+zHnsVcRzDDjIAhGuuYoi0d//cwIwtt4pkpKycWEfjdV+vww==}
    dependencies:
      readable-stream: 2.3.7
      safe-buffer: 5.2.1
    dev: false

  /buffer-alloc-unsafe/1.1.0:
    resolution: {integrity: sha512-TEM2iMIEQdJ2yjPJoSIsldnleVaAk1oW3DBVUykyOLsEsFmEc9kn+SFFPz+gl54KQNxlDnAwCXosOS9Okx2xAg==}
    dev: false

  /buffer-alloc/1.2.0:
    resolution: {integrity: sha512-CFsHQgjtW1UChdXgbyJGtnm+O/uLQeZdtbDo8mfUgYXCHSM1wgrVxXm6bSyrUuErEb+4sYVGCzASBRot7zyrow==}
    dependencies:
      buffer-alloc-unsafe: 1.1.0
      buffer-fill: 1.0.0
    dev: false

  /buffer-crc32/0.2.13:
    resolution: {integrity: sha1-DTM+PwDqxQqhRUq9MO+MKl2ackI=}
    dev: false

  /buffer-fill/1.0.0:
    resolution: {integrity: sha1-+PeLdniYiO858gXNY39o5wISKyw=}
    dev: false

  /buffer/5.7.1:
    resolution: {integrity: sha512-EHcyIPBQ4BSGlvjB16k5KgAJ27CIsHY/2JBmCRReo48y9rQ3MaUzWX3KVlBa4U7MyX02HdVj0K7C3WaB3ju7FQ==}
    dependencies:
      base64-js: 1.5.1
      ieee754: 1.2.1
    dev: false

  /commander/2.20.3:
    resolution: {integrity: sha512-GpVkmM8vF2vQUkj2LvZmD35JxeJOLCwJ9cUkugyk2nuhbv3+mJvpLYYt+0+USMxE+oj+ey/lJEnhZw75x/OMcQ==}
    dev: false

  /core-util-is/1.0.3:
    resolution: {integrity: sha512-ZQBvi1DcpJ4GDqanjucZ2Hj3wEO5pZDS89BWbkcrvdxksJorwUDDZamX9ldFkp9aw2lmBDLgkObEA4DWNJ9FYQ==}
    dev: false

  /decompress-tar/4.1.1:
    resolution: {integrity: sha512-JdJMaCrGpB5fESVyxwpCx4Jdj2AagLmv3y58Qy4GE6HMVjWz1FeVQk1Ct4Kye7PftcdOo/7U7UKzYBJgqnGeUQ==}
    engines: {node: '>=4'}
    dependencies:
      file-type: 5.2.0
      is-stream: 1.1.0
      tar-stream: 1.6.2
    dev: false

  /decompress-tarbz2/4.1.1:
    resolution: {integrity: sha512-s88xLzf1r81ICXLAVQVzaN6ZmX4A6U4z2nMbOwobxkLoIIfjVMBg7TeguTUXkKeXni795B6y5rnvDw7rxhAq9A==}
    engines: {node: '>=4'}
    dependencies:
      decompress-tar: 4.1.1
      file-type: 6.2.0
      is-stream: 1.1.0
      seek-bzip: 1.0.6
      unbzip2-stream: 1.4.3
    dev: false

  /decompress-targz/4.1.1:
    resolution: {integrity: sha512-4z81Znfr6chWnRDNfFNqLwPvm4db3WuZkqV+UgXQzSngG3CEKdBkw5jrv3axjjL96glyiiKjsxJG3X6WBZwX3w==}
    engines: {node: '>=4'}
    dependencies:
      decompress-tar: 4.1.1
      file-type: 5.2.0
      is-stream: 1.1.0
    dev: false

  /decompress-unzip/4.0.1:
    resolution: {integrity: sha1-3qrM39FK6vhVePczroIQ+bSEj2k=}
    engines: {node: '>=4'}
    dependencies:
      file-type: 3.9.0
      get-stream: 2.3.1
      pify: 2.3.0
      yauzl: 2.10.0
    dev: false

  /decompress/4.2.1:
    resolution: {integrity: sha512-e48kc2IjU+2Zw8cTb6VZcJQ3lgVbS4uuB1TfCHbiZIP/haNXm+SVyhu+87jts5/3ROpd82GSVCoNs/z8l4ZOaQ==}
    engines: {node: '>=4'}
    dependencies:
      decompress-tar: 4.1.1
      decompress-tarbz2: 4.1.1
      decompress-targz: 4.1.1
      decompress-unzip: 4.0.1
      graceful-fs: 4.2.8
      make-dir: 1.3.0
      pify: 2.3.0
      strip-dirs: 2.1.0
    dev: false

  /end-of-stream/1.4.4:
    resolution: {integrity: sha512-+uw1inIHVPQoaVuHzRyXd21icM+cnt4CzD5rW+NC1wjOUSTOs+Te7FOv7AhN7vS9x/oIyhLP5PR1H+phQAHu5Q==}
    dependencies:
      once: 1.4.0
    dev: false

  /esbuild-android-arm64/0.13.12:
    resolution: {integrity: sha512-TSVZVrb4EIXz6KaYjXfTzPyyRpXV5zgYIADXtQsIenjZ78myvDGaPi11o4ZSaHIwFHsuwkB6ne5SZRBwAQ7maw==}
    cpu: [arm64]
    os: [android]
    dev: true
    optional: true

  /esbuild-darwin-64/0.13.12:
    resolution: {integrity: sha512-c51C+N+UHySoV2lgfWSwwmlnLnL0JWj/LzuZt9Ltk9ub1s2Y8cr6SQV5W3mqVH1egUceew6KZ8GyI4nwu+fhsw==}
    cpu: [x64]
    os: [darwin]
    dev: true
    optional: true

  /esbuild-darwin-arm64/0.13.12:
    resolution: {integrity: sha512-JvAMtshP45Hd8A8wOzjkY1xAnTKTYuP/QUaKp5eUQGX+76GIie3fCdUUr2ZEKdvpSImNqxiZSIMziEiGB5oUmQ==}
    cpu: [arm64]
    os: [darwin]
    dev: true
    optional: true

  /esbuild-freebsd-64/0.13.12:
    resolution: {integrity: sha512-r6On/Skv9f0ZjTu6PW5o7pdXr8aOgtFOEURJZYf1XAJs0IQ+gW+o1DzXjVkIoT+n1cm3N/t1KRJfX71MPg/ZUA==}
    cpu: [x64]
    os: [freebsd]
    dev: true
    optional: true

  /esbuild-freebsd-arm64/0.13.12:
    resolution: {integrity: sha512-F6LmI2Q1gii073kmBE3NOTt/6zLL5zvZsxNLF8PMAwdHc+iBhD1vzfI8uQZMJA1IgXa3ocr3L3DJH9fLGXy6Yw==}
    cpu: [arm64]
    os: [freebsd]
    dev: true
    optional: true

  /esbuild-linux-32/0.13.12:
    resolution: {integrity: sha512-U1UZwG3UIwF7/V4tCVAo/nkBV9ag5KJiJTt+gaCmLVWH3bPLX7y+fNlhIWZy8raTMnXhMKfaTvWZ9TtmXzvkuQ==}
    cpu: [ia32]
    os: [linux]
    dev: true
    optional: true

  /esbuild-linux-64/0.13.12:
    resolution: {integrity: sha512-YpXSwtu2NxN3N4ifJxEdsgd6Q5d8LYqskrAwjmoCT6yQnEHJSF5uWcxv783HWN7lnGpJi9KUtDvYsnMdyGw71Q==}
    cpu: [x64]
    os: [linux]
    dev: true
    optional: true

  /esbuild-linux-arm/0.13.12:
    resolution: {integrity: sha512-SyiT/JKxU6J+DY2qUiSLZJqCAftIt3uoGejZ0HDnUM2MGJqEGSGh7p1ecVL2gna3PxS4P+j6WAehCwgkBPXNIw==}
    cpu: [arm]
    os: [linux]
    dev: true
    optional: true

  /esbuild-linux-arm64/0.13.12:
    resolution: {integrity: sha512-sgDNb8kb3BVodtAlcFGgwk+43KFCYjnFOaOfJibXnnIojNWuJHpL6aQJ4mumzNWw8Rt1xEtDQyuGK9f+Y24jGA==}
    cpu: [arm64]
    os: [linux]
    dev: true
    optional: true

  /esbuild-linux-mips64le/0.13.12:
    resolution: {integrity: sha512-qQJHlZBG+QwVIA8AbTEtbvF084QgDi4DaUsUnA+EolY1bxrG+UyOuGflM2ZritGhfS/k7THFjJbjH2wIeoKA2g==}
    cpu: [mips64el]
    os: [linux]
    dev: true
    optional: true

  /esbuild-linux-ppc64le/0.13.12:
    resolution: {integrity: sha512-2dSnm1ldL7Lppwlo04CGQUpwNn5hGqXI38OzaoPOkRsBRWFBozyGxTFSee/zHFS+Pdh3b28JJbRK3owrrRgWNw==}
    cpu: [ppc64]
    os: [linux]
    dev: true
    optional: true

  /esbuild-netbsd-64/0.13.12:
    resolution: {integrity: sha512-D4raxr02dcRiQNbxOLzpqBzcJNFAdsDNxjUbKkDMZBkL54Z0vZh4LRndycdZAMcIdizC/l/Yp/ZsBdAFxc5nbA==}
    cpu: [x64]
    os: [netbsd]
    dev: true
    optional: true

  /esbuild-openbsd-64/0.13.12:
    resolution: {integrity: sha512-KuLCmYMb2kh05QuPJ+va60bKIH5wHL8ypDkmpy47lzwmdxNsuySeCMHuTv5o2Af1RUn5KLO5ZxaZeq4GEY7DaQ==}
    cpu: [x64]
    os: [openbsd]
    dev: true
    optional: true

  /esbuild-sunos-64/0.13.12:
    resolution: {integrity: sha512-jBsF+e0woK3miKI8ufGWKG3o3rY9DpHvCVRn5eburMIIE+2c+y3IZ1srsthKyKI6kkXLvV4Cf/E7w56kLipMXw==}
    cpu: [x64]
    os: [sunos]
    dev: true
    optional: true

  /esbuild-windows-32/0.13.12:
    resolution: {integrity: sha512-L9m4lLFQrFeR7F+eLZXG82SbXZfUhyfu6CexZEil6vm+lc7GDCE0Q8DiNutkpzjv1+RAbIGVva9muItQ7HVTkQ==}
    cpu: [ia32]
    os: [win32]
    dev: true
    optional: true

  /esbuild-windows-64/0.13.12:
    resolution: {integrity: sha512-k4tX4uJlSbSkfs78W5d9+I9gpd+7N95W7H2bgOMFPsYREVJs31+Q2gLLHlsnlY95zBoPQMIzHooUIsixQIBjaQ==}
    cpu: [x64]
    os: [win32]
    dev: true
    optional: true

  /esbuild-windows-arm64/0.13.12:
    resolution: {integrity: sha512-2tTv/BpYRIvuwHpp2M960nG7uvL+d78LFW/ikPItO+2GfK51CswIKSetSpDii+cjz8e9iSPgs+BU4o8nWICBwQ==}
    cpu: [arm64]
    os: [win32]
    dev: true
    optional: true

  /esbuild/0.13.12:
    resolution: {integrity: sha512-vTKKUt+yoz61U/BbrnmlG9XIjwpdIxmHB8DlPR0AAW6OdS+nBQBci6LUHU2q9WbBobMEIQxxDpKbkmOGYvxsow==}
    hasBin: true
    requiresBuild: true
    optionalDependencies:
      esbuild-android-arm64: 0.13.12
      esbuild-darwin-64: 0.13.12
      esbuild-darwin-arm64: 0.13.12
      esbuild-freebsd-64: 0.13.12
      esbuild-freebsd-arm64: 0.13.12
      esbuild-linux-32: 0.13.12
      esbuild-linux-64: 0.13.12
      esbuild-linux-arm: 0.13.12
      esbuild-linux-arm64: 0.13.12
      esbuild-linux-mips64le: 0.13.12
      esbuild-linux-ppc64le: 0.13.12
      esbuild-netbsd-64: 0.13.12
      esbuild-openbsd-64: 0.13.12
      esbuild-sunos-64: 0.13.12
      esbuild-windows-32: 0.13.12
      esbuild-windows-64: 0.13.12
      esbuild-windows-arm64: 0.13.12
    dev: true

  /fd-slicer/1.1.0:
    resolution: {integrity: sha1-JcfInLH5B3+IkbvmHY85Dq4lbx4=}
    dependencies:
      pend: 1.2.0
    dev: false

  /file-type/3.9.0:
    resolution: {integrity: sha1-JXoHg4TR24CHvESdEH1SpSZyuek=}
    engines: {node: '>=0.10.0'}
    dev: false

  /file-type/5.2.0:
    resolution: {integrity: sha1-LdvqfHP/42No365J3DOMBYwritY=}
    engines: {node: '>=4'}
    dev: false

  /file-type/6.2.0:
    resolution: {integrity: sha512-YPcTBDV+2Tm0VqjybVd32MHdlEGAtuxS3VAYsumFokDSMG+ROT5wawGlnHDoz7bfMcMDt9hxuXvXwoKUx2fkOg==}
    engines: {node: '>=4'}
    dev: false

  /follow-redirects/1.14.5:
    resolution: {integrity: sha512-wtphSXy7d4/OR+MvIFbCVBDzZ5520qV8XfPklSN5QtxuMUJZ+b0Wnst1e1lCDocfzuCkHqj8k0FpZqO+UIaKNA==}
    engines: {node: '>=4.0'}
    peerDependencies:
      debug: '*'
    peerDependenciesMeta:
      debug:
        optional: true
    dev: false

  /fs-constants/1.0.0:
    resolution: {integrity: sha512-y6OAwoSIf7FyjMIv94u+b5rdheZEjzR63GTyZJm5qh4Bi+2YgwLCcI/fPFZkL5PSixOt6ZNKm+w+Hfp/Bciwow==}
    dev: false

  /get-stream/2.3.1:
    resolution: {integrity: sha1-Xzj5PzRgCWZu4BUKBUFn+Rvdld4=}
    engines: {node: '>=0.10.0'}
    dependencies:
      object-assign: 4.1.1
      pinkie-promise: 2.0.1
    dev: false

  /graceful-fs/4.2.8:
    resolution: {integrity: sha512-qkIilPUYcNhJpd33n0GBXTB1MMPp14TxEsEs0pTrsSVucApsYzW5V+Q8Qxhik6KU3evy+qkAAowTByymK0avdg==}
    dev: false

  /ieee754/1.2.1:
    resolution: {integrity: sha512-dcyqhDvX1C46lXZcVqCpK+FtMRQVdIMN6/Df5js2zouUsqG7I6sFxitIC+7KYK29KdXOLHdu9zL4sFnoVQnqaA==}
    dev: false

  /inherits/2.0.4:
    resolution: {integrity: sha512-k/vGaX4/Yla3WzyMCvTQOXYeIHvqOKtnqBduzTHpzpQZzAskKMhZ2K+EnBiSM9zGSoIFeMpXKxa4dYeZIQqewQ==}
    dev: false

  /is-natural-number/4.0.1:
    resolution: {integrity: sha1-q5124dtM7VHjXeDHLr7PCfc0zeg=}
    dev: false

  /is-stream/1.1.0:
    resolution: {integrity: sha1-EtSj3U5o4Lec6428hBc66A2RykQ=}
    engines: {node: '>=0.10.0'}
    dev: false

  /isarray/1.0.0:
    resolution: {integrity: sha1-u5NdSFgsuhaMBoNJV6VKPgcSTxE=}
    dev: false

  /make-dir/1.3.0:
    resolution: {integrity: sha512-2w31R7SJtieJJnQtGc7RVL2StM2vGYVfqUOvUDxH6bC6aJTxPxTF0GnIgCyu7tjockiUWAYQRbxa7vKn34s5sQ==}
    engines: {node: '>=4'}
    dependencies:
      pify: 3.0.0
    dev: false

  /mkdirp/1.0.4:
    resolution: {integrity: sha512-vVqVZQyf3WLx2Shd0qJ9xuvqgAyKPLAiqITEtqW0oIUjzo3PePDd6fW9iFz30ef7Ysp/oiWqbhszeGWW2T6Gzw==}
    engines: {node: '>=10'}
    hasBin: true
    dev: false

  /object-assign/4.1.1:
    resolution: {integrity: sha1-IQmtx5ZYh8/AXLvUQsrIv7s2CGM=}
    engines: {node: '>=0.10.0'}
    dev: false

  /once/1.4.0:
    resolution: {integrity: sha1-WDsap3WWHUsROsF9nFC6753Xa9E=}
    dependencies:
      wrappy: 1.0.2
    dev: false

  /pend/1.2.0:
    resolution: {integrity: sha1-elfrVQpng/kRUzH89GY9XI4AelA=}
    dev: false

  /pify/2.3.0:
    resolution: {integrity: sha1-7RQaasBDqEnqWISY59yosVMw6Qw=}
    engines: {node: '>=0.10.0'}
    dev: false

  /pify/3.0.0:
    resolution: {integrity: sha1-5aSs0sEB/fPZpNB/DbxNtJ3SgXY=}
    engines: {node: '>=4'}
    dev: false

  /pinkie-promise/2.0.1:
    resolution: {integrity: sha1-ITXW36ejWMBprJsXh3YogihFD/o=}
    engines: {node: '>=0.10.0'}
    dependencies:
      pinkie: 2.0.4
    dev: false

  /pinkie/2.0.4:
    resolution: {integrity: sha1-clVrgM+g1IqXToDnckjoDtT3+HA=}
    engines: {node: '>=0.10.0'}
    dev: false

  /process-nextick-args/2.0.1:
    resolution: {integrity: sha512-3ouUOpQhtgrbOa17J7+uxOTpITYWaGP7/AhoR3+A+/1e9skrzelGi/dXzEYyvbxubEF6Wn2ypscTKiKJFFn1ag==}
    dev: false

  /readable-stream/2.3.7:
    resolution: {integrity: sha512-Ebho8K4jIbHAxnuxi7o42OrZgF/ZTNcsZj6nRKyUmkhLFq8CHItp/fy6hQZuZmP/n3yZ9VBUbp4zz/mX8hmYPw==}
    dependencies:
      core-util-is: 1.0.3
      inherits: 2.0.4
      isarray: 1.0.0
      process-nextick-args: 2.0.1
      safe-buffer: 5.1.2
      string_decoder: 1.1.1
      util-deprecate: 1.0.2
    dev: false

  /safe-buffer/5.1.2:
    resolution: {integrity: sha512-Gd2UZBJDkXlY7GbJxfsE8/nvKkUEU1G38c1siN6QP6a9PT9MmHB8GnpscSmMJSoF8LOIrt8ud/wPtojys4G6+g==}
    dev: false

  /safe-buffer/5.2.1:
    resolution: {integrity: sha512-rp3So07KcdmmKbGvgaNxQSJr7bGVSVk5S9Eq1F+ppbRo70+YeaDxkw5Dd8NPN+GD6bjnYm2VuPuCXmpuYvmCXQ==}
    dev: false

  /seek-bzip/1.0.6:
    resolution: {integrity: sha512-e1QtP3YL5tWww8uKaOCQ18UxIT2laNBXHjV/S2WYCiK4udiv8lkG89KRIoCjUagnAmCBurjF4zEVX2ByBbnCjQ==}
    hasBin: true
    dependencies:
      commander: 2.20.3
    dev: false

  /string_decoder/1.1.1:
    resolution: {integrity: sha512-n/ShnvDi6FHbbVfviro+WojiFzv+s8MPMHBczVePfUpDJLwoLT0ht1l4YwBCbi8pJAveEEdnkHyPyTP/mzRfwg==}
    dependencies:
      safe-buffer: 5.1.2
    dev: false

  /strip-dirs/2.1.0:
    resolution: {integrity: sha512-JOCxOeKLm2CAS73y/U4ZeZPTkE+gNVCzKt7Eox84Iej1LT/2pTWYpZKJuxwQpvX1LiZb1xokNR7RLfuBAa7T3g==}
    dependencies:
      is-natural-number: 4.0.1
    dev: false

  /tar-stream/1.6.2:
    resolution: {integrity: sha512-rzS0heiNf8Xn7/mpdSVVSMAWAoy9bfb1WOTYC78Z0UQKeKa/CWS8FOq0lKGNa8DWKAn9gxjCvMLYc5PGXYlK2A==}
    engines: {node: '>= 0.8.0'}
    dependencies:
      bl: 1.2.3
      buffer-alloc: 1.2.0
      end-of-stream: 1.4.4
      fs-constants: 1.0.0
      readable-stream: 2.3.7
      to-buffer: 1.1.1
      xtend: 4.0.2
    dev: false

  /through/2.3.8:
    resolution: {integrity: sha1-DdTJ/6q8NXlgsbckEV1+Doai4fU=}
    dev: false

  /to-buffer/1.1.1:
    resolution: {integrity: sha512-lx9B5iv7msuFYE3dytT+KE5tap+rNYw+K4jVkb9R/asAb+pbBSM17jtunHplhBe6RRJdZx3Pn2Jph24O32mOVg==}
    dev: false

  /unbzip2-stream/1.4.3:
    resolution: {integrity: sha512-mlExGW4w71ebDJviH16lQLtZS32VKqsSfk80GCfUlwT/4/hNRFsoscrF/c++9xinkMzECL1uL9DDwXqFWkruPg==}
    dependencies:
      buffer: 5.7.1
      through: 2.3.8
    dev: false

  /util-deprecate/1.0.2:
    resolution: {integrity: sha1-RQ1Nyfpw3nMnYvvS1KKJgUGaDM8=}
    dev: false

  /wrappy/1.0.2:
    resolution: {integrity: sha1-tSQ9jz7BqjXxNkYFvA0QNuMKtp8=}
    dev: false

  /xtend/4.0.2:
    resolution: {integrity: sha512-LKYU1iAXJXUgAXn9URjiu+MWhyUXHsvfp7mcuYm9dSUKK0/CjtrUwFAxD82/mCWbtLsGjFIad0wIsod4zrTAEQ==}
    engines: {node: '>=0.4'}
    dev: false

  /yauzl/2.10.0:
    resolution: {integrity: sha1-x+sXyT4RLLEIb6bY5R+wZnt5pfk=}
    dependencies:
      buffer-crc32: 0.2.13
      fd-slicer: 1.1.0
    dev: false
